
Microsoft Visual Studio Solution File, Format Version 12.00
# Visual Studio Version 17
VisualStudioVersion = 17.14.36203.30 d17.14
MinimumVisualStudioVersion = 10.0.40219.1
Project("{FAE04EC0-301F-11D3-BF4B-00C04F79EFBC}") = "NovoEstacionamernto", "NovoEstacionamernto\NovoEstacionamernto.csproj", "{B55891A7-298D-4051-917E-F3AF159788E6}"
EndProject
Global
	GlobalSection(SolutionConfigurationPlatforms) = preSolution
		Debug|Any CPU = Debug|Any CPU
		Release|Any CPU = Release|Any CPU
	EndGlobalSection
	GlobalSection(ProjectConfigurationPlatforms) = postSolution
		{B55891A7-298D-4051-917E-F3AF159788E6}.Debug|Any CPU.ActiveCfg = Debug|Any CPU
		{B55891A7-298D-4051-917E-F3AF159788E6}.Debug|Any CPU.Build.0 = Debug|Any CPU
		{B55891A7-298D-4051-917E-F3AF159788E6}.Release|Any CPU.ActiveCfg = Release|Any CPU
		{B55891A7-298D-4051-917E-F3AF159788E6}.Release|Any CPU.Build.0 = Release|Any CPU
	EndGlobalSection
	GlobalSection(SolutionProperties) = preSolution
		HideSolutionNode = FALSE
	EndGlobalSection
	GlobalSection(ExtensibilityGlobals) = postSolution
		SolutionGuid = {CCC2DC87-63CD-4058-A1F4-00614D3F7C11}
	EndGlobalSection
EndGlobal
